
Microsoft Visual Studio Solution File, Format Version 12.00
# Visual Studio Version 17
VisualStudioVersion = 17.9.34723.18
MinimumVisualStudioVersion = 10.0.40219.1
Project("{FAE04EC0-301F-11D3-BF4B-00C04F79EFBC}") = "YemekListesi.Server", "YemekListesi\Server\YemekListesi.Server.csproj", "{3DFCB6DD-7BBE-4982-A737-B76E63843E0C}"
EndProject
Project("{FAE04EC0-301F-11D3-BF4B-00C04F79EFBC}") = "YemekListesi.Client", "YemekListesi\Client\YemekListesi.Client.csproj", "{51DDAF09-58C8-4BF2-A723-40CF14AEC0F4}"
EndProject
Project("{FAE04EC0-301F-11D3-BF4B-00C04F79EFBC}") = "YemekListesi.Shared", "YemekListesi\Shared\YemekListesi.Shared.csproj", "{A1A0543A-4C4E-4C0B-B62D-268F55AE5BEC}"
EndProject
Global
	GlobalSection(SolutionConfigurationPlatforms) = preSolution
		Debug|Any CPU = Debug|Any CPU
		Release|Any CPU = Release|Any CPU
	EndGlobalSection
	GlobalSection(ProjectConfigurationPlatforms) = postSolution
		{3DFCB6DD-7BBE-4982-A737-B76E63843E0C}.Debug|Any CPU.ActiveCfg = Debug|Any CPU
		{3DFCB6DD-7BBE-4982-A737-B76E63843E0C}.Debug|Any CPU.Build.0 = Debug|Any CPU
		{3DFCB6DD-7BBE-4982-A737-B76E63843E0C}.Release|Any CPU.ActiveCfg = Release|Any CPU
		{3DFCB6DD-7BBE-4982-A737-B76E63843E0C}.Release|Any CPU.Build.0 = Release|Any CPU
		{51DDAF09-58C8-4BF2-A723-40CF14AEC0F4}.Debug|Any CPU.ActiveCfg = Debug|Any CPU
		{51DDAF09-58C8-4BF2-A723-40CF14AEC0F4}.Debug|Any CPU.Build.0 = Debug|Any CPU
		{51DDAF09-58C8-4BF2-A723-40CF14AEC0F4}.Release|Any CPU.ActiveCfg = Release|Any CPU
		{51DDAF09-58C8-4BF2-A723-40CF14AEC0F4}.Release|Any CPU.Build.0 = Release|Any CPU
		{A1A0543A-4C4E-4C0B-B62D-268F55AE5BEC}.Debug|Any CPU.ActiveCfg = Debug|Any CPU
		{A1A0543A-4C4E-4C0B-B62D-268F55AE5BEC}.Debug|Any CPU.Build.0 = Debug|Any CPU
		{A1A0543A-4C4E-4C0B-B62D-268F55AE5BEC}.Release|Any CPU.ActiveCfg = Release|Any CPU
		{A1A0543A-4C4E-4C0B-B62D-268F55AE5BEC}.Release|Any CPU.Build.0 = Release|Any CPU
	EndGlobalSection
	GlobalSection(SolutionProperties) = preSolution
		HideSolutionNode = FALSE
	EndGlobalSection
	GlobalSection(ExtensibilityGlobals) = postSolution
		SolutionGuid = {770420CF-310B-4F9D-B8C5-22BC0FA5F95B}
	EndGlobalSection
EndGlobal
